
Microsoft Visual Studio Solution File, Format Version 12.00
# Visual Studio 15
Project("{FAE04EC0-301F-11D3-BF4B-00C04F79EFBC}") = "Assembly-CSharp", "Assembly-CSharp.csproj", "{FCAE8D61-ED87-F2B5-24F5-4BE47A35E260}"
EndProject
Project("{FAE04EC0-301F-11D3-BF4B-00C04F79EFBC}") = "Assembly-CSharp-Editor", "Assembly-CSharp-Editor.csproj", "{DA0003D1-F3C3-611A-C723-03C224F1CF4E}"
EndProject
Global
	GlobalSection(SolutionConfigurationPlatforms) = preSolution
		Debug|Any CPU = Debug|Any CPU
		Release|Any CPU = Release|Any CPU
	EndGlobalSection
	GlobalSection(ProjectConfigurationPlatforms) = postSolution
		{FCAE8D61-ED87-F2B5-24F5-4BE47A35E260}.Debug|Any CPU.ActiveCfg = Debug|Any CPU
		{FCAE8D61-ED87-F2B5-24F5-4BE47A35E260}.Debug|Any CPU.Build.0 = Debug|Any CPU
		{FCAE8D61-ED87-F2B5-24F5-4BE47A35E260}.Release|Any CPU.ActiveCfg = Release|Any CPU
		{FCAE8D61-ED87-F2B5-24F5-4BE47A35E260}.Release|Any CPU.Build.0 = Release|Any CPU
		{DA0003D1-F3C3-611A-C723-03C224F1CF4E}.Debug|Any CPU.ActiveCfg = Debug|Any CPU
		{DA0003D1-F3C3-611A-C723-03C224F1CF4E}.Debug|Any CPU.Build.0 = Debug|Any CPU
		{DA0003D1-F3C3-611A-C723-03C224F1CF4E}.Release|Any CPU.ActiveCfg = Release|Any CPU
		{DA0003D1-F3C3-611A-C723-03C224F1CF4E}.Release|Any CPU.Build.0 = Release|Any CPU
	EndGlobalSection
	GlobalSection(SolutionProperties) = preSolution
		HideSolutionNode = FALSE
	EndGlobalSection
EndGlobal
